// !$*UTF8*$!
{
	archiveVersion = 1;
	classes = {
	};
	objectVersion = 56;
	objects = {

/* Begin PBXBuildFile section */
		D7D364E42BA48199002C2F05 /* Pexels_API_SwiftUIApp.swift in Sources */ = {isa = PBXBuildFile; fileRef = D7D364E32BA48199002C2F05 /* Pexels_API_SwiftUIApp.swift */; };
		D7D364E62BA48199002C2F05 /* ContentView.swift in Sources */ = {isa = PBXBuildFile; fileRef = D7D364E52BA48199002C2F05 /* ContentView.swift */; };
		D7D364E82BA4819A002C2F05 /* Assets.xcassets in Resources */ = {isa = PBXBuildFile; fileRef = D7D364E72BA4819A002C2F05 /* Assets.xcassets */; };
		D7D364EB2BA4819A002C2F05 /* Preview Assets.xcassets in Resources */ = {isa = PBXBuildFile; fileRef = D7D364EA2BA4819A002C2F05 /* Preview Assets.xcassets */; };
		D7D364F72BA48878002C2F05 /* Constant.swift in Sources */ = {isa = PBXBuildFile; fileRef = D7D364F62BA48878002C2F05 /* Constant.swift */; };
		D7D364FB2BA49A36002C2F05 /* ResponseError.swift in Sources */ = {isa = PBXBuildFile; fileRef = D7D364FA2BA49A36002C2F05 /* ResponseError.swift */; };
		D7D364FD2BA49DD8002C2F05 /* NetworkRouter.swift in Sources */ = {isa = PBXBuildFile; fileRef = D7D364FC2BA49DD8002C2F05 /* NetworkRouter.swift */; };
		D7D365012BA4DBDC002C2F05 /* PexelsService.swift in Sources */ = {isa = PBXBuildFile; fileRef = D7D365002BA4DBDC002C2F05 /* PexelsService.swift */; };
		D7D365032BA4DC29002C2F05 /* CuratedPhotosResponse.swift in Sources */ = {isa = PBXBuildFile; fileRef = D7D365022BA4DC29002C2F05 /* CuratedPhotosResponse.swift */; };
		D7D365052BA4DF92002C2F05 /* CollectionsResponse.swift in Sources */ = {isa = PBXBuildFile; fileRef = D7D365042BA4DF92002C2F05 /* CollectionsResponse.swift */; };
		D7D365072BA4E09E002C2F05 /* CollectionMediaResponse.swift in Sources */ = {isa = PBXBuildFile; fileRef = D7D365062BA4E09E002C2F05 /* CollectionMediaResponse.swift */; };
		D7D365092BA5BE96002C2F05 /* NetworkLogger.swift in Sources */ = {isa = PBXBuildFile; fileRef = D7D365082BA5BE96002C2F05 /* NetworkLogger.swift */; };
		D7D3650B2BA5D52E002C2F05 /* PhotosView.swift in Sources */ = {isa = PBXBuildFile; fileRef = D7D3650A2BA5D52E002C2F05 /* PhotosView.swift */; };
		D7D3650D2BA5D543002C2F05 /* CollectionsView.swift in Sources */ = {isa = PBXBuildFile; fileRef = D7D3650C2BA5D543002C2F05 /* CollectionsView.swift */; };
		D7D3650F2BA5D54D002C2F05 /* SearchView.swift in Sources */ = {isa = PBXBuildFile; fileRef = D7D3650E2BA5D54D002C2F05 /* SearchView.swift */; };
		D7D365112BA5D5C8002C2F05 /* Environment.swift in Sources */ = {isa = PBXBuildFile; fileRef = D7D365102BA5D5C8002C2F05 /* Environment.swift */; };
		D7D365172BA5DDAB002C2F05 /* TabView.swift in Sources */ = {isa = PBXBuildFile; fileRef = D7D365162BA5DDAB002C2F05 /* TabView.swift */; };
		D7D365192BA633F2002C2F05 /* PhotosViewModel.swift in Sources */ = {isa = PBXBuildFile; fileRef = D7D365182BA633F2002C2F05 /* PhotosViewModel.swift */; };
		D7D3651B2BA63B8E002C2F05 /* PhotoItem.swift in Sources */ = {isa = PBXBuildFile; fileRef = D7D3651A2BA63B8E002C2F05 /* PhotoItem.swift */; };
		D7D3651D2BA6A6A7002C2F05 /* HexColor.swift in Sources */ = {isa = PBXBuildFile; fileRef = D7D3651C2BA6A6A7002C2F05 /* HexColor.swift */; };
		D7D3651F2BA746BB002C2F05 /* CollectionItem.swift in Sources */ = {isa = PBXBuildFile; fileRef = D7D3651E2BA746BB002C2F05 /* CollectionItem.swift */; };
		D7D365212BA747B7002C2F05 /* CollectionsViewModel.swift in Sources */ = {isa = PBXBuildFile; fileRef = D7D365202BA747B7002C2F05 /* CollectionsViewModel.swift */; };
		D7D365242BA77738002C2F05 /* CollectionDetailView.swift in Sources */ = {isa = PBXBuildFile; fileRef = D7D365232BA77738002C2F05 /* CollectionDetailView.swift */; };
		D7D365262BA777D1002C2F05 /* CollectionDetailViewModel.swift in Sources */ = {isa = PBXBuildFile; fileRef = D7D365252BA777D1002C2F05 /* CollectionDetailViewModel.swift */; };
		D7D365282BA77F30002C2F05 /* ErrorView.swift in Sources */ = {isa = PBXBuildFile; fileRef = D7D365272BA77F30002C2F05 /* ErrorView.swift */; };
/* End PBXBuildFile section */

/* Begin PBXFileReference section */
		D7D364E02BA48199002C2F05 /* Pexels-API-SwiftUI.app */ = {isa = PBXFileReference; explicitFileType = wrapper.application; includeInIndex = 0; path = "Pexels-API-SwiftUI.app"; sourceTree = BUILT_PRODUCTS_DIR; };
		D7D364E32BA48199002C2F05 /* Pexels_API_SwiftUIApp.swift */ = {isa = PBXFileReference; lastKnownFileType = sourcecode.swift; path = Pexels_API_SwiftUIApp.swift; sourceTree = "<group>"; };
		D7D364E52BA48199002C2F05 /* ContentView.swift */ = {isa = PBXFileReference; lastKnownFileType = sourcecode.swift; path = ContentView.swift; sourceTree = "<group>"; };
		D7D364E72BA4819A002C2F05 /* Assets.xcassets */ = {isa = PBXFileReference; lastKnownFileType = folder.assetcatalog; path = Assets.xcassets; sourceTree = "<group>"; };
		D7D364EA2BA4819A002C2F05 /* Preview Assets.xcassets */ = {isa = PBXFileReference; lastKnownFileType = folder.assetcatalog; path = "Preview Assets.xcassets"; sourceTree = "<group>"; };
		D7D364F62BA48878002C2F05 /* Constant.swift */ = {isa = PBXFileReference; lastKnownFileType = sourcecode.swift; path = Constant.swift; sourceTree = "<group>"; };
		D7D364FA2BA49A36002C2F05 /* ResponseError.swift */ = {isa = PBXFileReference; lastKnownFileType = sourcecode.swift; path = ResponseError.swift; sourceTree = "<group>"; };
		D7D364FC2BA49DD8002C2F05 /* NetworkRouter.swift */ = {isa = PBXFileReference; lastKnownFileType = sourcecode.swift; path = NetworkRouter.swift; sourceTree = "<group>"; };
		D7D365002BA4DBDC002C2F05 /* PexelsService.swift */ = {isa = PBXFileReference; lastKnownFileType = sourcecode.swift; path = PexelsService.swift; sourceTree = "<group>"; };
		D7D365022BA4DC29002C2F05 /* CuratedPhotosResponse.swift */ = {isa = PBXFileReference; lastKnownFileType = sourcecode.swift; path = CuratedPhotosResponse.swift; sourceTree = "<group>"; };
		D7D365042BA4DF92002C2F05 /* CollectionsResponse.swift */ = {isa = PBXFileReference; lastKnownFileType = sourcecode.swift; path = CollectionsResponse.swift; sourceTree = "<group>"; };
		D7D365062BA4E09E002C2F05 /* CollectionMediaResponse.swift */ = {isa = PBXFileReference; lastKnownFileType = sourcecode.swift; path = CollectionMediaResponse.swift; sourceTree = "<group>"; };
		D7D365082BA5BE96002C2F05 /* NetworkLogger.swift */ = {isa = PBXFileReference; lastKnownFileType = sourcecode.swift; path = NetworkLogger.swift; sourceTree = "<group>"; };
		D7D3650A2BA5D52E002C2F05 /* PhotosView.swift */ = {isa = PBXFileReference; lastKnownFileType = sourcecode.swift; path = PhotosView.swift; sourceTree = "<group>"; };
		D7D3650C2BA5D543002C2F05 /* CollectionsView.swift */ = {isa = PBXFileReference; lastKnownFileType = sourcecode.swift; path = CollectionsView.swift; sourceTree = "<group>"; };
		D7D3650E2BA5D54D002C2F05 /* SearchView.swift */ = {isa = PBXFileReference; lastKnownFileType = sourcecode.swift; path = SearchView.swift; sourceTree = "<group>"; };
		D7D365102BA5D5C8002C2F05 /* Environment.swift */ = {isa = PBXFileReference; lastKnownFileType = sourcecode.swift; path = Environment.swift; sourceTree = "<group>"; };
		D7D365162BA5DDAB002C2F05 /* TabView.swift */ = {isa = PBXFileReference; lastKnownFileType = sourcecode.swift; path = TabView.swift; sourceTree = "<group>"; };
		D7D365182BA633F2002C2F05 /* PhotosViewModel.swift */ = {isa = PBXFileReference; lastKnownFileType = sourcecode.swift; path = PhotosViewModel.swift; sourceTree = "<group>"; };
		D7D3651A2BA63B8E002C2F05 /* PhotoItem.swift */ = {isa = PBXFileReference; lastKnownFileType = sourcecode.swift; path = PhotoItem.swift; sourceTree = "<group>"; };
		D7D3651C2BA6A6A7002C2F05 /* HexColor.swift */ = {isa = PBXFileReference; lastKnownFileType = sourcecode.swift; path = HexColor.swift; sourceTree = "<group>"; };
		D7D3651E2BA746BB002C2F05 /* CollectionItem.swift */ = {isa = PBXFileReference; lastKnownFileType = sourcecode.swift; path = CollectionItem.swift; sourceTree = "<group>"; };
		D7D365202BA747B7002C2F05 /* CollectionsViewModel.swift */ = {isa = PBXFileReference; lastKnownFileType = sourcecode.swift; path = CollectionsViewModel.swift; sourceTree = "<group>"; };
		D7D365232BA77738002C2F05 /* CollectionDetailView.swift */ = {isa = PBXFileReference; lastKnownFileType = sourcecode.swift; path = CollectionDetailView.swift; sourceTree = "<group>"; };
		D7D365252BA777D1002C2F05 /* CollectionDetailViewModel.swift */ = {isa = PBXFileReference; lastKnownFileType = sourcecode.swift; path = CollectionDetailViewModel.swift; sourceTree = "<group>"; };
		D7D365272BA77F30002C2F05 /* ErrorView.swift */ = {isa = PBXFileReference; lastKnownFileType = sourcecode.swift; path = ErrorView.swift; sourceTree = "<group>"; };
/* End PBXFileReference section */

/* Begin PBXFrameworksBuildPhase section */
		D7D364DD2BA48199002C2F05 /* Frameworks */ = {
			isa = PBXFrameworksBuildPhase;
			buildActionMask = 2147483647;
			files = (
			);
			runOnlyForDeploymentPostprocessing = 0;
		};
/* End PBXFrameworksBuildPhase section */

/* Begin PBXGroup section */
		D7D364D72BA48199002C2F05 = {
			isa = PBXGroup;
			children = (
				D7D364E22BA48199002C2F05 /* Pexels-API-SwiftUI */,
				D7D364E12BA48199002C2F05 /* Products */,
			);
			sourceTree = "<group>";
		};
		D7D364E12BA48199002C2F05 /* Products */ = {
			isa = PBXGroup;
			children = (
				D7D364E02BA48199002C2F05 /* Pexels-API-SwiftUI.app */,
			);
			name = Products;
			sourceTree = "<group>";
		};
		D7D364E22BA48199002C2F05 /* Pexels-API-SwiftUI */ = {
			isa = PBXGroup;
			children = (
				D7D364F52BA4834F002C2F05 /* Data */,
				D7D364F42BA482C9002C2F05 /* Util */,
				D7D364F32BA482BE002C2F05 /* ViewModel */,
				D7D364F22BA482B8002C2F05 /* View */,
				D7D364F12BA48299002C2F05 /* Model */,
				D7D364E32BA48199002C2F05 /* Pexels_API_SwiftUIApp.swift */,
				D7D364E72BA4819A002C2F05 /* Assets.xcassets */,
				D7D364E92BA4819A002C2F05 /* Preview Content */,
			);
			path = "Pexels-API-SwiftUI";
			sourceTree = "<group>";
		};
		D7D364E92BA4819A002C2F05 /* Preview Content */ = {
			isa = PBXGroup;
			children = (
				D7D364EA2BA4819A002C2F05 /* Preview Assets.xcassets */,
			);
			path = "Preview Content";
			sourceTree = "<group>";
		};
		D7D364F12BA48299002C2F05 /* Model */ = {
			isa = PBXGroup;
			children = (
				D7D365022BA4DC29002C2F05 /* CuratedPhotosResponse.swift */,
				D7D365042BA4DF92002C2F05 /* CollectionsResponse.swift */,
				D7D365062BA4E09E002C2F05 /* CollectionMediaResponse.swift */,
			);
			path = Model;
			sourceTree = "<group>";
		};
		D7D364F22BA482B8002C2F05 /* View */ = {
			isa = PBXGroup;
			children = (
				D7D365222BA77728002C2F05 /* CollectionDetail */,
				D7D365152BA5DD0A002C2F05 /* CustomView */,
				D7D365142BA5DC6D002C2F05 /* Search */,
				D7D365132BA5DC5D002C2F05 /* Collections */,
				D7D365122BA5DC56002C2F05 /* Photos */,
				D7D364E52BA48199002C2F05 /* ContentView.swift */,
			);
			path = View;
			sourceTree = "<group>";
		};
		D7D364F32BA482BE002C2F05 /* ViewModel */ = {
			isa = PBXGroup;
			children = (
			);
			path = ViewModel;
			sourceTree = "<group>";
		};
		D7D364F42BA482C9002C2F05 /* Util */ = {
			isa = PBXGroup;
			children = (
				D7D364F62BA48878002C2F05 /* Constant.swift */,
				D7D365102BA5D5C8002C2F05 /* Environment.swift */,
				D7D3651C2BA6A6A7002C2F05 /* HexColor.swift */,
			);
			path = Util;
			sourceTree = "<group>";
		};
		D7D364F52BA4834F002C2F05 /* Data */ = {
			isa = PBXGroup;
			children = (
				D7D364F92BA49A0E002C2F05 /* Remote */,
			);
			path = Data;
			sourceTree = "<group>";
		};
		D7D364F92BA49A0E002C2F05 /* Remote */ = {
			isa = PBXGroup;
			children = (
				D7D364FA2BA49A36002C2F05 /* ResponseError.swift */,
				D7D364FC2BA49DD8002C2F05 /* NetworkRouter.swift */,
				D7D365002BA4DBDC002C2F05 /* PexelsService.swift */,
				D7D365082BA5BE96002C2F05 /* NetworkLogger.swift */,
			);
			path = Remote;
			sourceTree = "<group>";
		};
		D7D365122BA5DC56002C2F05 /* Photos */ = {
			isa = PBXGroup;
			children = (
				D7D3650A2BA5D52E002C2F05 /* PhotosView.swift */,
				D7D365182BA633F2002C2F05 /* PhotosViewModel.swift */,
				D7D3651A2BA63B8E002C2F05 /* PhotoItem.swift */,
			);
			path = Photos;
			sourceTree = "<group>";
		};
		D7D365132BA5DC5D002C2F05 /* Collections */ = {
			isa = PBXGroup;
			children = (
				D7D3650C2BA5D543002C2F05 /* CollectionsView.swift */,
				D7D3651E2BA746BB002C2F05 /* CollectionItem.swift */,
				D7D365202BA747B7002C2F05 /* CollectionsViewModel.swift */,
			);
			path = Collections;
			sourceTree = "<group>";
		};
		D7D365142BA5DC6D002C2F05 /* Search */ = {
			isa = PBXGroup;
			children = (
				D7D3650E2BA5D54D002C2F05 /* SearchView.swift */,
			);
			path = Search;
			sourceTree = "<group>";
		};
		D7D365152BA5DD0A002C2F05 /* CustomView */ = {
			isa = PBXGroup;
			children = (
				D7D365162BA5DDAB002C2F05 /* TabView.swift */,
				D7D365272BA77F30002C2F05 /* ErrorView.swift */,
			);
			path = CustomView;
			sourceTree = "<group>";
		};
		D7D365222BA77728002C2F05 /* CollectionDetail */ = {
			isa = PBXGroup;
			children = (
				D7D365232BA77738002C2F05 /* CollectionDetailView.swift */,
				D7D365252BA777D1002C2F05 /* CollectionDetailViewModel.swift */,
			);
			path = CollectionDetail;
			sourceTree = "<group>";
		};
/* End PBXGroup section */

/* Begin PBXNativeTarget section */
		D7D364DF2BA48199002C2F05 /* Pexels-API-SwiftUI */ = {
			isa = PBXNativeTarget;
			buildConfigurationList = D7D364EE2BA4819A002C2F05 /* Build configuration list for PBXNativeTarget "Pexels-API-SwiftUI" */;
			buildPhases = (
				D7D364DC2BA48199002C2F05 /* Sources */,
				D7D364DD2BA48199002C2F05 /* Frameworks */,
				D7D364DE2BA48199002C2F05 /* Resources */,
			);
			buildRules = (
			);
			dependencies = (
			);
			name = "Pexels-API-SwiftUI";
			productName = "Pexels-API-SwiftUI";
			productReference = D7D364E02BA48199002C2F05 /* Pexels-API-SwiftUI.app */;
			productType = "com.apple.product-type.application";
		};
/* End PBXNativeTarget section */

/* Begin PBXProject section */
		D7D364D82BA48199002C2F05 /* Project object */ = {
			isa = PBXProject;
			attributes = {
				BuildIndependentTargetsInParallel = 1;
				LastSwiftUpdateCheck = 1510;
				LastUpgradeCheck = 1510;
				TargetAttributes = {
					D7D364DF2BA48199002C2F05 = {
						CreatedOnToolsVersion = 15.1;
					};
				};
			};
			buildConfigurationList = D7D364DB2BA48199002C2F05 /* Build configuration list for PBXProject "Pexels-API-SwiftUI" */;
			compatibilityVersion = "Xcode 14.0";
			developmentRegion = en;
			hasScannedForEncodings = 0;
			knownRegions = (
				en,
				Base,
			);
			mainGroup = D7D364D72BA48199002C2F05;
			productRefGroup = D7D364E12BA48199002C2F05 /* Products */;
			projectDirPath = "";
			projectRoot = "";
			targets = (
				D7D364DF2BA48199002C2F05 /* Pexels-API-SwiftUI */,
			);
		};
/* End PBXProject section */

/* Begin PBXResourcesBuildPhase section */
		D7D364DE2BA48199002C2F05 /* Resources */ = {
			isa = PBXResourcesBuildPhase;
			buildActionMask = 2147483647;
			files = (
				D7D364EB2BA4819A002C2F05 /* Preview Assets.xcassets in Resources */,
				D7D364E82BA4819A002C2F05 /* Assets.xcassets in Resources */,
			);
			runOnlyForDeploymentPostprocessing = 0;
		};
/* End PBXResourcesBuildPhase section */

/* Begin PBXSourcesBuildPhase section */
		D7D364DC2BA48199002C2F05 /* Sources */ = {
			isa = PBXSourcesBuildPhase;
			buildActionMask = 2147483647;
			files = (
				D7D365012BA4DBDC002C2F05 /* PexelsService.swift in Sources */,
				D7D364E62BA48199002C2F05 /* ContentView.swift in Sources */,
				D7D3650D2BA5D543002C2F05 /* CollectionsView.swift in Sources */,
				D7D365262BA777D1002C2F05 /* CollectionDetailViewModel.swift in Sources */,
				D7D365112BA5D5C8002C2F05 /* Environment.swift in Sources */,
				D7D365052BA4DF92002C2F05 /* CollectionsResponse.swift in Sources */,
				D7D364FB2BA49A36002C2F05 /* ResponseError.swift in Sources */,
				D7D3650B2BA5D52E002C2F05 /* PhotosView.swift in Sources */,
				D7D365282BA77F30002C2F05 /* ErrorView.swift in Sources */,
				D7D3651D2BA6A6A7002C2F05 /* HexColor.swift in Sources */,
				D7D364FD2BA49DD8002C2F05 /* NetworkRouter.swift in Sources */,
				D7D365242BA77738002C2F05 /* CollectionDetailView.swift in Sources */,
				D7D365032BA4DC29002C2F05 /* CuratedPhotosResponse.swift in Sources */,
				D7D365192BA633F2002C2F05 /* PhotosViewModel.swift in Sources */,
				D7D3650F2BA5D54D002C2F05 /* SearchView.swift in Sources */,
				D7D365172BA5DDAB002C2F05 /* TabView.swift in Sources */,
				D7D365092BA5BE96002C2F05 /* NetworkLogger.swift in Sources */,
				D7D365072BA4E09E002C2F05 /* CollectionMediaResponse.swift in Sources */,
				D7D3651F2BA746BB002C2F05 /* CollectionItem.swift in Sources */,
				D7D365212BA747B7002C2F05 /* CollectionsViewModel.swift in Sources */,
				D7D364E42BA48199002C2F05 /* Pexels_API_SwiftUIApp.swift in Sources */,
				D7D364F72BA48878002C2F05 /* Constant.swift in Sources */,
				D7D3651B2BA63B8E002C2F05 /* PhotoItem.swift in Sources */,
			);
			runOnlyForDeploymentPostprocessing = 0;
		};
/* End PBXSourcesBuildPhase section */

/* Begin XCBuildConfiguration section */
		D7D364EC2BA4819A002C2F05 /* Debug */ = {
			isa = XCBuildConfiguration;
			buildSettings = {
				ALWAYS_SEARCH_USER_PATHS = NO;
				ASSETCATALOG_COMPILER_GENERATE_SWIFT_ASSET_SYMBOL_EXTENSIONS = YES;
				CLANG_ANALYZER_NONNULL = YES;
				CLANG_ANALYZER_NUMBER_OBJECT_CONVERSION = YES_AGGRESSIVE;
				CLANG_CXX_LANGUAGE_STANDARD = "gnu++20";
				CLANG_ENABLE_MODULES = YES;
				CLANG_ENABLE_OBJC_ARC = YES;
				CLANG_ENABLE_OBJC_WEAK = YES;
				CLANG_WARN_BLOCK_CAPTURE_AUTORELEASING = YES;
				CLANG_WARN_BOOL_CONVERSION = YES;
				CLANG_WARN_COMMA = YES;
				CLANG_WARN_CONSTANT_CONVERSION = YES;
				CLANG_WARN_DEPRECATED_OBJC_IMPLEMENTATIONS = YES;
				CLANG_WARN_DIRECT_OBJC_ISA_USAGE = YES_ERROR;
				CLANG_WARN_DOCUMENTATION_COMMENTS = YES;
				CLANG_WARN_EMPTY_BODY = YES;
				CLANG_WARN_ENUM_CONVERSION = YES;
				CLANG_WARN_INFINITE_RECURSION = YES;
				CLANG_WARN_INT_CONVERSION = YES;
				CLANG_WARN_NON_LITERAL_NULL_CONVERSION = YES;
				CLANG_WARN_OBJC_IMPLICIT_RETAIN_SELF = YES;
				CLANG_WARN_OBJC_LITERAL_CONVERSION = YES;
				CLANG_WARN_OBJC_ROOT_CLASS = YES_ERROR;
				CLANG_WARN_QUOTED_INCLUDE_IN_FRAMEWORK_HEADER = YES;
				CLANG_WARN_RANGE_LOOP_ANALYSIS = YES;
				CLANG_WARN_STRICT_PROTOTYPES = YES;
				CLANG_WARN_SUSPICIOUS_MOVE = YES;
				CLANG_WARN_UNGUARDED_AVAILABILITY = YES_AGGRESSIVE;
				CLANG_WARN_UNREACHABLE_CODE = YES;
				CLANG_WARN__DUPLICATE_METHOD_MATCH = YES;
				COPY_PHASE_STRIP = NO;
				DEBUG_INFORMATION_FORMAT = dwarf;
				ENABLE_STRICT_OBJC_MSGSEND = YES;
				ENABLE_TESTABILITY = YES;
				ENABLE_USER_SCRIPT_SANDBOXING = YES;
				GCC_C_LANGUAGE_STANDARD = gnu17;
				GCC_DYNAMIC_NO_PIC = NO;
				GCC_NO_COMMON_BLOCKS = YES;
				GCC_OPTIMIZATION_LEVEL = 0;
				GCC_PREPROCESSOR_DEFINITIONS = (
					"DEBUG=1",
					"$(inherited)",
				);
				GCC_WARN_64_TO_32_BIT_CONVERSION = YES;
				GCC_WARN_ABOUT_RETURN_TYPE = YES_ERROR;
				GCC_WARN_UNDECLARED_SELECTOR = YES;
				GCC_WARN_UNINITIALIZED_AUTOS = YES_AGGRESSIVE;
				GCC_WARN_UNUSED_FUNCTION = YES;
				GCC_WARN_UNUSED_VARIABLE = YES;
				IPHONEOS_DEPLOYMENT_TARGET = 17.2;
				LOCALIZATION_PREFERS_STRING_CATALOGS = YES;
				MTL_ENABLE_DEBUG_INFO = INCLUDE_SOURCE;
				MTL_FAST_MATH = YES;
				ONLY_ACTIVE_ARCH = YES;
				SDKROOT = iphoneos;
				SWIFT_ACTIVE_COMPILATION_CONDITIONS = "DEBUG $(inherited)";
				SWIFT_OPTIMIZATION_LEVEL = "-Onone";
			};
			name = Debug;
		};
		D7D364ED2BA4819A002C2F05 /* Release */ = {
			isa = XCBuildConfiguration;
			buildSettings = {
				ALWAYS_SEARCH_USER_PATHS = NO;
				ASSETCATALOG_COMPILER_GENERATE_SWIFT_ASSET_SYMBOL_EXTENSIONS = YES;
				CLANG_ANALYZER_NONNULL = YES;
				CLANG_ANALYZER_NUMBER_OBJECT_CONVERSION = YES_AGGRESSIVE;
				CLANG_CXX_LANGUAGE_STANDARD = "gnu++20";
				CLANG_ENABLE_MODULES = YES;
				CLANG_ENABLE_OBJC_ARC = YES;
				CLANG_ENABLE_OBJC_WEAK = YES;
				CLANG_WARN_BLOCK_CAPTURE_AUTORELEASING = YES;
				CLANG_WARN_BOOL_CONVERSION = YES;
				CLANG_WARN_COMMA = YES;
				CLANG_WARN_CONSTANT_CONVERSION = YES;
				CLANG_WARN_DEPRECATED_OBJC_IMPLEMENTATIONS = YES;
				CLANG_WARN_DIRECT_OBJC_ISA_USAGE = YES_ERROR;
				CLANG_WARN_DOCUMENTATION_COMMENTS = YES;
				CLANG_WARN_EMPTY_BODY = YES;
				CLANG_WARN_ENUM_CONVERSION = YES;
				CLANG_WARN_INFINITE_RECURSION = YES;
				CLANG_WARN_INT_CONVERSION = YES;
				CLANG_WARN_NON_LITERAL_NULL_CONVERSION = YES;
				CLANG_WARN_OBJC_IMPLICIT_RETAIN_SELF = YES;
				CLANG_WARN_OBJC_LITERAL_CONVERSION = YES;
				CLANG_WARN_OBJC_ROOT_CLASS = YES_ERROR;
				CLANG_WARN_QUOTED_INCLUDE_IN_FRAMEWORK_HEADER = YES;
				CLANG_WARN_RANGE_LOOP_ANALYSIS = YES;
				CLANG_WARN_STRICT_PROTOTYPES = YES;
				CLANG_WARN_SUSPICIOUS_MOVE = YES;
				CLANG_WARN_UNGUARDED_AVAILABILITY = YES_AGGRESSIVE;
				CLANG_WARN_UNREACHABLE_CODE = YES;
				CLANG_WARN__DUPLICATE_METHOD_MATCH = YES;
				COPY_PHASE_STRIP = NO;
				DEBUG_INFORMATION_FORMAT = "dwarf-with-dsym";
				ENABLE_NS_ASSERTIONS = NO;
				ENABLE_STRICT_OBJC_MSGSEND = YES;
				ENABLE_USER_SCRIPT_SANDBOXING = YES;
				GCC_C_LANGUAGE_STANDARD = gnu17;
				GCC_NO_COMMON_BLOCKS = YES;
				GCC_WARN_64_TO_32_BIT_CONVERSION = YES;
				GCC_WARN_ABOUT_RETURN_TYPE = YES_ERROR;
				GCC_WARN_UNDECLARED_SELECTOR = YES;
				GCC_WARN_UNINITIALIZED_AUTOS = YES_AGGRESSIVE;
				GCC_WARN_UNUSED_FUNCTION = YES;
				GCC_WARN_UNUSED_VARIABLE = YES;
				IPHONEOS_DEPLOYMENT_TARGET = 17.2;
				LOCALIZATION_PREFERS_STRING_CATALOGS = YES;
				MTL_ENABLE_DEBUG_INFO = NO;
				MTL_FAST_MATH = YES;
				SDKROOT = iphoneos;
				SWIFT_COMPILATION_MODE = wholemodule;
				VALIDATE_PRODUCT = YES;
			};
			name = Release;
		};
		D7D364EF2BA4819A002C2F05 /* Debug */ = {
			isa = XCBuildConfiguration;
			buildSettings = {
				ASSETCATALOG_COMPILER_APPICON_NAME = AppIcon;
				ASSETCATALOG_COMPILER_GLOBAL_ACCENT_COLOR_NAME = AccentColor;
				CODE_SIGN_STYLE = Automatic;
				CURRENT_PROJECT_VERSION = 1;
				DEVELOPMENT_ASSET_PATHS = "\"Pexels-API-SwiftUI/Preview Content\"";
				ENABLE_PREVIEWS = YES;
				GENERATE_INFOPLIST_FILE = YES;
				INFOPLIST_KEY_UIApplicationSceneManifest_Generation = YES;
				INFOPLIST_KEY_UIApplicationSupportsIndirectInputEvents = YES;
				INFOPLIST_KEY_UILaunchScreen_Generation = YES;
				INFOPLIST_KEY_UISupportedInterfaceOrientations_iPad = "UIInterfaceOrientationPortrait UIInterfaceOrientationPortraitUpsideDown UIInterfaceOrientationLandscapeLeft UIInterfaceOrientationLandscapeRight";
				INFOPLIST_KEY_UISupportedInterfaceOrientations_iPhone = "UIInterfaceOrientationPortrait UIInterfaceOrientationLandscapeLeft UIInterfaceOrientationLandscapeRight";
				LD_RUNPATH_SEARCH_PATHS = (
					"$(inherited)",
					"@executable_path/Frameworks",
				);
				MARKETING_VERSION = 1.0;
				PRODUCT_BUNDLE_IDENTIFIER = "com.example.Pexels-API-SwiftUI";
				PRODUCT_NAME = "$(TARGET_NAME)";
				SWIFT_EMIT_LOC_STRINGS = YES;
				SWIFT_VERSION = 5.0;
				TARGETED_DEVICE_FAMILY = "1,2";
			};
			name = Debug;
		};
		D7D364F02BA4819A002C2F05 /* Release */ = {
			isa = XCBuildConfiguration;
			buildSettings = {
				ASSETCATALOG_COMPILER_APPICON_NAME = AppIcon;
				ASSETCATALOG_COMPILER_GLOBAL_ACCENT_COLOR_NAME = AccentColor;
				CODE_SIGN_STYLE = Automatic;
				CURRENT_PROJECT_VERSION = 1;
				DEVELOPMENT_ASSET_PATHS = "\"Pexels-API-SwiftUI/Preview Content\"";
				ENABLE_PREVIEWS = YES;
				GENERATE_INFOPLIST_FILE = YES;
				INFOPLIST_KEY_UIApplicationSceneManifest_Generation = YES;
				INFOPLIST_KEY_UIApplicationSupportsIndirectInputEvents = YES;
				INFOPLIST_KEY_UILaunchScreen_Generation = YES;
				INFOPLIST_KEY_UISupportedInterfaceOrientations_iPad = "UIInterfaceOrientationPortrait UIInterfaceOrientationPortraitUpsideDown UIInterfaceOrientationLandscapeLeft UIInterfaceOrientationLandscapeRight";
				INFOPLIST_KEY_UISupportedInterfaceOrientations_iPhone = "UIInterfaceOrientationPortrait UIInterfaceOrientationLandscapeLeft UIInterfaceOrientationLandscapeRight";
				LD_RUNPATH_SEARCH_PATHS = (
					"$(inherited)",
					"@executable_path/Frameworks",
				);
				MARKETING_VERSION = 1.0;
				PRODUCT_BUNDLE_IDENTIFIER = "com.example.Pexels-API-SwiftUI";
				PRODUCT_NAME = "$(TARGET_NAME)";
				SWIFT_EMIT_LOC_STRINGS = YES;
				SWIFT_VERSION = 5.0;
				TARGETED_DEVICE_FAMILY = "1,2";
			};
			name = Release;
		};
/* End XCBuildConfiguration section */

/* Begin XCConfigurationList section */
		D7D364DB2BA48199002C2F05 /* Build configuration list for PBXProject "Pexels-API-SwiftUI" */ = {
			isa = XCConfigurationList;
			buildConfigurations = (
				D7D364EC2BA4819A002C2F05 /* Debug */,
				D7D364ED2BA4819A002C2F05 /* Release */,
			);
			defaultConfigurationIsVisible = 0;
			defaultConfigurationName = Release;
		};
		D7D364EE2BA4819A002C2F05 /* Build configuration list for PBXNativeTarget "Pexels-API-SwiftUI" */ = {
			isa = XCConfigurationList;
			buildConfigurations = (
				D7D364EF2BA4819A002C2F05 /* Debug */,
				D7D364F02BA4819A002C2F05 /* Release */,
			);
			defaultConfigurationIsVisible = 0;
			defaultConfigurationName = Release;
		};
/* End XCConfigurationList section */
	};
	rootObject = D7D364D82BA48199002C2F05 /* Project object */;
}
